// !$*UTF8*$!
{
	archiveVersion = 1;
	classes = {
	};
	objectVersion = 51;
	objects = {

/* Begin PBXBuildFile section */
		383FC6F4244631320058BB5D /* GoogleService-Info.plist in Resources */ = {isa = PBXBuildFile; fileRef = 383FC6F3244631320058BB5D /* GoogleService-Info.plist */; };
		383FC6F6244666920058BB5D /* homeController.swift in Sources */ = {isa = PBXBuildFile; fileRef = 383FC6F5244666920058BB5D /* homeController.swift */; };
		383FC6F82446A4240058BB5D /* locationInputActivationView.swift in Sources */ = {isa = PBXBuildFile; fileRef = 383FC6F72446A4240058BB5D /* locationInputActivationView.swift */; };
		383FC6FA2447B4B00058BB5D /* LocationInputView.swift in Sources */ = {isa = PBXBuildFile; fileRef = 383FC6F92447B4B00058BB5D /* LocationInputView.swift */; };
		384209B72442613C00035EC9 /* AppDelegate.swift in Sources */ = {isa = PBXBuildFile; fileRef = 384209B62442613C00035EC9 /* AppDelegate.swift */; };
		384209B92442613C00035EC9 /* SceneDelegate.swift in Sources */ = {isa = PBXBuildFile; fileRef = 384209B82442613C00035EC9 /* SceneDelegate.swift */; };
		384209BE2442613C00035EC9 /* Main.storyboard in Resources */ = {isa = PBXBuildFile; fileRef = 384209BC2442613C00035EC9 /* Main.storyboard */; };
		384209C02442613E00035EC9 /* Assets.xcassets in Resources */ = {isa = PBXBuildFile; fileRef = 384209BF2442613E00035EC9 /* Assets.xcassets */; };
		384209C32442613E00035EC9 /* LaunchScreen.storyboard in Resources */ = {isa = PBXBuildFile; fileRef = 384209C12442613E00035EC9 /* LaunchScreen.storyboard */; };
		384209D224426B5A00035EC9 /* Extensions.swift in Sources */ = {isa = PBXBuildFile; fileRef = 384209D124426B5A00035EC9 /* Extensions.swift */; };
		3842C48C2448996E002F7905 /* Service.swift in Sources */ = {isa = PBXBuildFile; fileRef = 3842C48B2448996E002F7905 /* Service.swift */; };
		3842C48E2448B91C002F7905 /* User.swift in Sources */ = {isa = PBXBuildFile; fileRef = 3842C48D2448B91C002F7905 /* User.swift */; };
		3842C49024490BD1002F7905 /* LocationHandler.swift in Sources */ = {isa = PBXBuildFile; fileRef = 3842C48F24490BD1002F7905 /* LocationHandler.swift */; };
		384573EB2443D7FD00D9C3CC /* loginController.swift in Sources */ = {isa = PBXBuildFile; fileRef = 384573EA2443D7FD00D9C3CC /* loginController.swift */; };
		384573ED2443D8A000D9C3CC /* signUpController.swift in Sources */ = {isa = PBXBuildFile; fileRef = 384573EC2443D8A000D9C3CC /* signUpController.swift */; };
		384573EF2444173100D9C3CC /* authButton.swift in Sources */ = {isa = PBXBuildFile; fileRef = 384573EE2444173100D9C3CC /* authButton.swift */; };
		384ABD81244E92CA00635B97 /* RideActivationView.swift in Sources */ = {isa = PBXBuildFile; fileRef = 384ABD80244E92CA00635B97 /* RideActivationView.swift */; };
		384ABD83244EBA9300635B97 /* Trip.swift in Sources */ = {isa = PBXBuildFile; fileRef = 384ABD82244EBA9300635B97 /* Trip.swift */; };
		384ABD85244FA4FD00635B97 /* PickUpController.swift in Sources */ = {isa = PBXBuildFile; fileRef = 384ABD84244FA4FD00635B97 /* PickUpController.swift */; };
		384CC4F4244A61F000F1E86B /* DriverAnnotation.swift in Sources */ = {isa = PBXBuildFile; fileRef = 384CC4F3244A61F000F1E86B /* DriverAnnotation.swift */; };
		386651922447E51800445056 /* LocationCell.swift in Sources */ = {isa = PBXBuildFile; fileRef = 386651912447E51800445056 /* LocationCell.swift */; };
		8746E5DE7C93FD466C11E154 /* Pods_velocity.framework in Frameworks */ = {isa = PBXBuildFile; fileRef = D776C98D84D5DAB81483BD24 /* Pods_velocity.framework */; };
/* End PBXBuildFile section */

/* Begin PBXFileReference section */
		383FC6F3244631320058BB5D /* GoogleService-Info.plist */ = {isa = PBXFileReference; fileEncoding = 4; lastKnownFileType = text.plist.xml; path = "GoogleService-Info.plist"; sourceTree = "<group>"; };
		383FC6F5244666920058BB5D /* homeController.swift */ = {isa = PBXFileReference; lastKnownFileType = sourcecode.swift; path = homeController.swift; sourceTree = "<group>"; };
		383FC6F72446A4240058BB5D /* locationInputActivationView.swift */ = {isa = PBXFileReference; lastKnownFileType = sourcecode.swift; path = locationInputActivationView.swift; sourceTree = "<group>"; };
		383FC6F92447B4B00058BB5D /* LocationInputView.swift */ = {isa = PBXFileReference; lastKnownFileType = sourcecode.swift; path = LocationInputView.swift; sourceTree = "<group>"; };
		384209B32442613C00035EC9 /* velocity.app */ = {isa = PBXFileReference; explicitFileType = wrapper.application; includeInIndex = 0; path = velocity.app; sourceTree = BUILT_PRODUCTS_DIR; };
		384209B62442613C00035EC9 /* AppDelegate.swift */ = {isa = PBXFileReference; lastKnownFileType = sourcecode.swift; path = AppDelegate.swift; sourceTree = "<group>"; };
		384209B82442613C00035EC9 /* SceneDelegate.swift */ = {isa = PBXFileReference; lastKnownFileType = sourcecode.swift; path = SceneDelegate.swift; sourceTree = "<group>"; };
		384209BD2442613C00035EC9 /* Base */ = {isa = PBXFileReference; lastKnownFileType = file.storyboard; name = Base; path = Base.lproj/Main.storyboard; sourceTree = "<group>"; };
		384209BF2442613E00035EC9 /* Assets.xcassets */ = {isa = PBXFileReference; lastKnownFileType = folder.assetcatalog; path = Assets.xcassets; sourceTree = "<group>"; };
		384209C22442613E00035EC9 /* Base */ = {isa = PBXFileReference; lastKnownFileType = file.storyboard; name = Base; path = Base.lproj/LaunchScreen.storyboard; sourceTree = "<group>"; };
		384209C42442613E00035EC9 /* Info.plist */ = {isa = PBXFileReference; lastKnownFileType = text.plist.xml; path = Info.plist; sourceTree = "<group>"; };
		384209D124426B5A00035EC9 /* Extensions.swift */ = {isa = PBXFileReference; lastKnownFileType = sourcecode.swift; path = Extensions.swift; sourceTree = "<group>"; };
		3842C48B2448996E002F7905 /* Service.swift */ = {isa = PBXFileReference; lastKnownFileType = sourcecode.swift; path = Service.swift; sourceTree = "<group>"; };
		3842C48D2448B91C002F7905 /* User.swift */ = {isa = PBXFileReference; lastKnownFileType = sourcecode.swift; path = User.swift; sourceTree = "<group>"; };
		3842C48F24490BD1002F7905 /* LocationHandler.swift */ = {isa = PBXFileReference; lastKnownFileType = sourcecode.swift; path = LocationHandler.swift; sourceTree = "<group>"; };
		384573EA2443D7FD00D9C3CC /* loginController.swift */ = {isa = PBXFileReference; lastKnownFileType = sourcecode.swift; name = loginController.swift; path = ../services/loginController.swift; sourceTree = "<group>"; };
		384573EC2443D8A000D9C3CC /* signUpController.swift */ = {isa = PBXFileReference; lastKnownFileType = sourcecode.swift; path = signUpController.swift; sourceTree = "<group>"; };
		384573EE2444173100D9C3CC /* authButton.swift */ = {isa = PBXFileReference; lastKnownFileType = sourcecode.swift; path = authButton.swift; sourceTree = "<group>"; };
		384ABD80244E92CA00635B97 /* RideActivationView.swift */ = {isa = PBXFileReference; lastKnownFileType = sourcecode.swift; path = RideActivationView.swift; sourceTree = "<group>"; };
		384ABD82244EBA9300635B97 /* Trip.swift */ = {isa = PBXFileReference; lastKnownFileType = sourcecode.swift; path = Trip.swift; sourceTree = "<group>"; };
		384ABD84244FA4FD00635B97 /* PickUpController.swift */ = {isa = PBXFileReference; lastKnownFileType = sourcecode.swift; path = PickUpController.swift; sourceTree = "<group>"; };
		384CC4F3244A61F000F1E86B /* DriverAnnotation.swift */ = {isa = PBXFileReference; lastKnownFileType = sourcecode.swift; path = DriverAnnotation.swift; sourceTree = "<group>"; };
		386651912447E51800445056 /* LocationCell.swift */ = {isa = PBXFileReference; lastKnownFileType = sourcecode.swift; path = LocationCell.swift; sourceTree = "<group>"; };
		8121BD30A6ECBCD48A452294 /* Pods-velocity.debug.xcconfig */ = {isa = PBXFileReference; includeInIndex = 1; lastKnownFileType = text.xcconfig; name = "Pods-velocity.debug.xcconfig"; path = "Target Support Files/Pods-velocity/Pods-velocity.debug.xcconfig"; sourceTree = "<group>"; };
		B00A8F9698C174DBD3FA0DF5 /* Pods-velocity.release.xcconfig */ = {isa = PBXFileReference; includeInIndex = 1; lastKnownFileType = text.xcconfig; name = "Pods-velocity.release.xcconfig"; path = "Target Support Files/Pods-velocity/Pods-velocity.release.xcconfig"; sourceTree = "<group>"; };
		D776C98D84D5DAB81483BD24 /* Pods_velocity.framework */ = {isa = PBXFileReference; explicitFileType = wrapper.framework; includeInIndex = 0; path = Pods_velocity.framework; sourceTree = BUILT_PRODUCTS_DIR; };
/* End PBXFileReference section */

/* Begin PBXFrameworksBuildPhase section */
		384209B02442613C00035EC9 /* Frameworks */ = {
			isa = PBXFrameworksBuildPhase;
			buildActionMask = 2147483647;
			files = (
				8746E5DE7C93FD466C11E154 /* Pods_velocity.framework in Frameworks */,
			);
			runOnlyForDeploymentPostprocessing = 0;
		};
/* End PBXFrameworksBuildPhase section */

/* Begin PBXGroup section */
		027FF6FEDDC25007528232AB /* Pods */ = {
			isa = PBXGroup;
			children = (
				8121BD30A6ECBCD48A452294 /* Pods-velocity.debug.xcconfig */,
				B00A8F9698C174DBD3FA0DF5 /* Pods-velocity.release.xcconfig */,
			);
			path = Pods;
			sourceTree = "<group>";
		};
		384209AA2442613C00035EC9 = {
			isa = PBXGroup;
			children = (
				384209B52442613C00035EC9 /* velocity */,
				383FC6F3244631320058BB5D /* GoogleService-Info.plist */,
				384209B42442613C00035EC9 /* Products */,
				027FF6FEDDC25007528232AB /* Pods */,
				B6DD4EBBB53D2396268EDA62 /* Frameworks */,
			);
			sourceTree = "<group>";
		};
		384209B42442613C00035EC9 /* Products */ = {
			isa = PBXGroup;
			children = (
				384209B32442613C00035EC9 /* velocity.app */,
			);
			name = Products;
			sourceTree = "<group>";
		};
		384209B52442613C00035EC9 /* velocity */ = {
			isa = PBXGroup;
			children = (
				384209CD2442647100035EC9 /* utils */,
				384209CC2442646C00035EC9 /* services */,
				384209CE2442648100035EC9 /* controller */,
				384209CA2442644D00035EC9 /* view */,
				384209CB2442646900035EC9 /* model */,
				384209B62442613C00035EC9 /* AppDelegate.swift */,
				384209B82442613C00035EC9 /* SceneDelegate.swift */,
				384209BC2442613C00035EC9 /* Main.storyboard */,
				384209BF2442613E00035EC9 /* Assets.xcassets */,
				384209C12442613E00035EC9 /* LaunchScreen.storyboard */,
				384209C42442613E00035EC9 /* Info.plist */,
			);
			path = velocity;
			sourceTree = "<group>";
		};
		384209CA2442644D00035EC9 /* view */ = {
			isa = PBXGroup;
			children = (
				384573EE2444173100D9C3CC /* authButton.swift */,
				383FC6F72446A4240058BB5D /* locationInputActivationView.swift */,
				383FC6F92447B4B00058BB5D /* LocationInputView.swift */,
				386651912447E51800445056 /* LocationCell.swift */,
				384ABD80244E92CA00635B97 /* RideActivationView.swift */,
			);
			path = view;
			sourceTree = "<group>";
		};
		384209CB2442646900035EC9 /* model */ = {
			isa = PBXGroup;
			children = (
				3842C48D2448B91C002F7905 /* User.swift */,
				384CC4F3244A61F000F1E86B /* DriverAnnotation.swift */,
				384ABD82244EBA9300635B97 /* Trip.swift */,
			);
			path = model;
			sourceTree = "<group>";
		};
		384209CC2442646C00035EC9 /* services */ = {
			isa = PBXGroup;
			children = (
				3842C48B2448996E002F7905 /* Service.swift */,
			);
			path = services;
			sourceTree = "<group>";
		};
		384209CD2442647100035EC9 /* utils */ = {
			isa = PBXGroup;
			children = (
				384209D124426B5A00035EC9 /* Extensions.swift */,
				3842C48F24490BD1002F7905 /* LocationHandler.swift */,
			);
			path = utils;
			sourceTree = "<group>";
		};
		384209CE2442648100035EC9 /* controller */ = {
			isa = PBXGroup;
			children = (
				384573EA2443D7FD00D9C3CC /* loginController.swift */,
				384573EC2443D8A000D9C3CC /* signUpController.swift */,
				383FC6F5244666920058BB5D /* homeController.swift */,
				384ABD84244FA4FD00635B97 /* PickUpController.swift */,
			);
			path = controller;
			sourceTree = "<group>";
		};
		B6DD4EBBB53D2396268EDA62 /* Frameworks */ = {
			isa = PBXGroup;
			children = (
				D776C98D84D5DAB81483BD24 /* Pods_velocity.framework */,
			);
			name = Frameworks;
			sourceTree = "<group>";
		};
/* End PBXGroup section */

/* Begin PBXNativeTarget section */
		384209B22442613C00035EC9 /* velocity */ = {
			isa = PBXNativeTarget;
			buildConfigurationList = 384209C72442613E00035EC9 /* Build configuration list for PBXNativeTarget "velocity" */;
			buildPhases = (
				A54BEB0EDC4AE7C2FA660FA8 /* [CP] Check Pods Manifest.lock */,
				384209AF2442613C00035EC9 /* Sources */,
				384209B02442613C00035EC9 /* Frameworks */,
				384209B12442613C00035EC9 /* Resources */,
				5D9D7DB6226A320320E9A9FC /* [CP] Embed Pods Frameworks */,
			);
			buildRules = (
			);
			dependencies = (
			);
			name = velocity;
			productName = velocity;
			productReference = 384209B32442613C00035EC9 /* velocity.app */;
			productType = "com.apple.product-type.application";
		};
/* End PBXNativeTarget section */

/* Begin PBXProject section */
		384209AB2442613C00035EC9 /* Project object */ = {
			isa = PBXProject;
			attributes = {
				LastSwiftUpdateCheck = 1140;
				LastUpgradeCheck = 1140;
				ORGANIZATIONNAME = Nimit;
				TargetAttributes = {
					384209B22442613C00035EC9 = {
						CreatedOnToolsVersion = 11.4;
					};
				};
			};
			buildConfigurationList = 384209AE2442613C00035EC9 /* Build configuration list for PBXProject "velocity" */;
			compatibilityVersion = "Xcode 9.3";
			developmentRegion = en;
			hasScannedForEncodings = 0;
			knownRegions = (
				en,
				Base,
			);
			mainGroup = 384209AA2442613C00035EC9;
			productRefGroup = 384209B42442613C00035EC9 /* Products */;
			projectDirPath = "";
			projectRoot = "";
			targets = (
				384209B22442613C00035EC9 /* velocity */,
			);
		};
/* End PBXProject section */

/* Begin PBXResourcesBuildPhase section */
		384209B12442613C00035EC9 /* Resources */ = {
			isa = PBXResourcesBuildPhase;
			buildActionMask = 2147483647;
			files = (
				384209C32442613E00035EC9 /* LaunchScreen.storyboard in Resources */,
				383FC6F4244631320058BB5D /* GoogleService-Info.plist in Resources */,
				384209C02442613E00035EC9 /* Assets.xcassets in Resources */,
				384209BE2442613C00035EC9 /* Main.storyboard in Resources */,
			);
			runOnlyForDeploymentPostprocessing = 0;
		};
/* End PBXResourcesBuildPhase section */

/* Begin PBXShellScriptBuildPhase section */
		5D9D7DB6226A320320E9A9FC /* [CP] Embed Pods Frameworks */ = {
			isa = PBXShellScriptBuildPhase;
			buildActionMask = 2147483647;
			files = (
			);
			inputFileListPaths = (
				"${PODS_ROOT}/Target Support Files/Pods-velocity/Pods-velocity-frameworks-${CONFIGURATION}-input-files.xcfilelist",
			);
			name = "[CP] Embed Pods Frameworks";
			outputFileListPaths = (
				"${PODS_ROOT}/Target Support Files/Pods-velocity/Pods-velocity-frameworks-${CONFIGURATION}-output-files.xcfilelist",
			);
			runOnlyForDeploymentPostprocessing = 0;
			shellPath = /bin/sh;
			shellScript = "\"${PODS_ROOT}/Target Support Files/Pods-velocity/Pods-velocity-frameworks.sh\"\n";
			showEnvVarsInLog = 0;
		};
		A54BEB0EDC4AE7C2FA660FA8 /* [CP] Check Pods Manifest.lock */ = {
			isa = PBXShellScriptBuildPhase;
			buildActionMask = 2147483647;
			files = (
			);
			inputFileListPaths = (
			);
			inputPaths = (
				"${PODS_PODFILE_DIR_PATH}/Podfile.lock",
				"${PODS_ROOT}/Manifest.lock",
			);
			name = "[CP] Check Pods Manifest.lock";
			outputFileListPaths = (
			);
			outputPaths = (
				"$(DERIVED_FILE_DIR)/Pods-velocity-checkManifestLockResult.txt",
			);
			runOnlyForDeploymentPostprocessing = 0;
			shellPath = /bin/sh;
			shellScript = "diff \"${PODS_PODFILE_DIR_PATH}/Podfile.lock\" \"${PODS_ROOT}/Manifest.lock\" > /dev/null\nif [ $? != 0 ] ; then\n    # print error to STDERR\n    echo \"error: The sandbox is not in sync with the Podfile.lock. Run 'pod install' or update your CocoaPods installation.\" >&2\n    exit 1\nfi\n# This output is used by Xcode 'outputs' to avoid re-running this script phase.\necho \"SUCCESS\" > \"${SCRIPT_OUTPUT_FILE_0}\"\n";
			showEnvVarsInLog = 0;
		};
/* End PBXShellScriptBuildPhase section */

/* Begin PBXSourcesBuildPhase section */
		384209AF2442613C00035EC9 /* Sources */ = {
			isa = PBXSourcesBuildPhase;
			buildActionMask = 2147483647;
			files = (
				384209B72442613C00035EC9 /* AppDelegate.swift in Sources */,
				384573EB2443D7FD00D9C3CC /* loginController.swift in Sources */,
				384ABD81244E92CA00635B97 /* RideActivationView.swift in Sources */,
				384209B92442613C00035EC9 /* SceneDelegate.swift in Sources */,
				384ABD83244EBA9300635B97 /* Trip.swift in Sources */,
				383FC6FA2447B4B00058BB5D /* LocationInputView.swift in Sources */,
				384CC4F4244A61F000F1E86B /* DriverAnnotation.swift in Sources */,
				384ABD85244FA4FD00635B97 /* PickUpController.swift in Sources */,
				384573ED2443D8A000D9C3CC /* signUpController.swift in Sources */,
				384209D224426B5A00035EC9 /* Extensions.swift in Sources */,
				386651922447E51800445056 /* LocationCell.swift in Sources */,
				3842C49024490BD1002F7905 /* LocationHandler.swift in Sources */,
				383FC6F6244666920058BB5D /* homeController.swift in Sources */,
				3842C48E2448B91C002F7905 /* User.swift in Sources */,
				3842C48C2448996E002F7905 /* Service.swift in Sources */,
				383FC6F82446A4240058BB5D /* locationInputActivationView.swift in Sources */,
				384573EF2444173100D9C3CC /* authButton.swift in Sources */,
			);
			runOnlyForDeploymentPostprocessing = 0;
		};
/* End PBXSourcesBuildPhase section */

/* Begin PBXVariantGroup section */
		384209BC2442613C00035EC9 /* Main.storyboard */ = {
			isa = PBXVariantGroup;
			children = (
				384209BD2442613C00035EC9 /* Base */,
			);
			name = Main.storyboard;
			sourceTree = "<group>";
		};
		384209C12442613E00035EC9 /* LaunchScreen.storyboard */ = {
			isa = PBXVariantGroup;
			children = (
				384209C22442613E00035EC9 /* Base */,
			);
			name = LaunchScreen.storyboard;
			sourceTree = "<group>";
		};
/* End PBXVariantGroup section */

/* Begin XCBuildConfiguration section */
		384209C52442613E00035EC9 /* Debug */ = {
			isa = XCBuildConfiguration;
			buildSettings = {
				ALWAYS_SEARCH_USER_PATHS = NO;
				CLANG_ANALYZER_NONNULL = YES;
				CLANG_ANALYZER_NUMBER_OBJECT_CONVERSION = YES_AGGRESSIVE;
				CLANG_CXX_LANGUAGE_STANDARD = "gnu++14";
				CLANG_CXX_LIBRARY = "libc++";
				CLANG_ENABLE_MODULES = YES;
				CLANG_ENABLE_OBJC_ARC = YES;
				CLANG_ENABLE_OBJC_WEAK = YES;
				CLANG_WARN_BLOCK_CAPTURE_AUTORELEASING = YES;
				CLANG_WARN_BOOL_CONVERSION = YES;
				CLANG_WARN_COMMA = YES;
				CLANG_WARN_CONSTANT_CONVERSION = YES;
				CLANG_WARN_DEPRECATED_OBJC_IMPLEMENTATIONS = YES;
				CLANG_WARN_DIRECT_OBJC_ISA_USAGE = YES_ERROR;
				CLANG_WARN_DOCUMENTATION_COMMENTS = YES;
				CLANG_WARN_EMPTY_BODY = YES;
				CLANG_WARN_ENUM_CONVERSION = YES;
				CLANG_WARN_INFINITE_RECURSION = YES;
				CLANG_WARN_INT_CONVERSION = YES;
				CLANG_WARN_NON_LITERAL_NULL_CONVERSION = YES;
				CLANG_WARN_OBJC_IMPLICIT_RETAIN_SELF = YES;
				CLANG_WARN_OBJC_LITERAL_CONVERSION = YES;
				CLANG_WARN_OBJC_ROOT_CLASS = YES_ERROR;
				CLANG_WARN_RANGE_LOOP_ANALYSIS = YES;
				CLANG_WARN_STRICT_PROTOTYPES = YES;
				CLANG_WARN_SUSPICIOUS_MOVE = YES;
				CLANG_WARN_UNGUARDED_AVAILABILITY = YES_AGGRESSIVE;
				CLANG_WARN_UNREACHABLE_CODE = YES;
				CLANG_WARN__DUPLICATE_METHOD_MATCH = YES;
				COPY_PHASE_STRIP = NO;
				DEBUG_INFORMATION_FORMAT = dwarf;
				ENABLE_STRICT_OBJC_MSGSEND = YES;
				ENABLE_TESTABILITY = YES;
				GCC_C_LANGUAGE_STANDARD = gnu11;
				GCC_DYNAMIC_NO_PIC = NO;
				GCC_NO_COMMON_BLOCKS = YES;
				GCC_OPTIMIZATION_LEVEL = 0;
				GCC_PREPROCESSOR_DEFINITIONS = (
					"DEBUG=1",
					"$(inherited)",
				);
				GCC_WARN_64_TO_32_BIT_CONVERSION = YES;
				GCC_WARN_ABOUT_RETURN_TYPE = YES_ERROR;
				GCC_WARN_UNDECLARED_SELECTOR = YES;
				GCC_WARN_UNINITIALIZED_AUTOS = YES_AGGRESSIVE;
				GCC_WARN_UNUSED_FUNCTION = YES;
				GCC_WARN_UNUSED_VARIABLE = YES;
				IPHONEOS_DEPLOYMENT_TARGET = 13.4;
				MTL_ENABLE_DEBUG_INFO = INCLUDE_SOURCE;
				MTL_FAST_MATH = YES;
				ONLY_ACTIVE_ARCH = YES;
				SDKROOT = iphoneos;
				SWIFT_ACTIVE_COMPILATION_CONDITIONS = DEBUG;
				SWIFT_OPTIMIZATION_LEVEL = "-Onone";
			};
			name = Debug;
		};
		384209C62442613E00035EC9 /* Release */ = {
			isa = XCBuildConfiguration;
			buildSettings = {
				ALWAYS_SEARCH_USER_PATHS = NO;
				CLANG_ANALYZER_NONNULL = YES;
				CLANG_ANALYZER_NUMBER_OBJECT_CONVERSION = YES_AGGRESSIVE;
				CLANG_CXX_LANGUAGE_STANDARD = "gnu++14";
				CLANG_CXX_LIBRARY = "libc++";
				CLANG_ENABLE_MODULES = YES;
				CLANG_ENABLE_OBJC_ARC = YES;
				CLANG_ENABLE_OBJC_WEAK = YES;
				CLANG_WARN_BLOCK_CAPTURE_AUTORELEASING = YES;
				CLANG_WARN_BOOL_CONVERSION = YES;
				CLANG_WARN_COMMA = YES;
				CLANG_WARN_CONSTANT_CONVERSION = YES;
				CLANG_WARN_DEPRECATED_OBJC_IMPLEMENTATIONS = YES;
				CLANG_WARN_DIRECT_OBJC_ISA_USAGE = YES_ERROR;
				CLANG_WARN_DOCUMENTATION_COMMENTS = YES;
				CLANG_WARN_EMPTY_BODY = YES;
				CLANG_WARN_ENUM_CONVERSION = YES;
				CLANG_WARN_INFINITE_RECURSION = YES;
				CLANG_WARN_INT_CONVERSION = YES;
				CLANG_WARN_NON_LITERAL_NULL_CONVERSION = YES;
				CLANG_WARN_OBJC_IMPLICIT_RETAIN_SELF = YES;
				CLANG_WARN_OBJC_LITERAL_CONVERSION = YES;
				CLANG_WARN_OBJC_ROOT_CLASS = YES_ERROR;
				CLANG_WARN_RANGE_LOOP_ANALYSIS = YES;
				CLANG_WARN_STRICT_PROTOTYPES = YES;
				CLANG_WARN_SUSPICIOUS_MOVE = YES;
				CLANG_WARN_UNGUARDED_AVAILABILITY = YES_AGGRESSIVE;
				CLANG_WARN_UNREACHABLE_CODE = YES;
				CLANG_WARN__DUPLICATE_METHOD_MATCH = YES;
				COPY_PHASE_STRIP = NO;
				DEBUG_INFORMATION_FORMAT = "dwarf-with-dsym";
				ENABLE_NS_ASSERTIONS = NO;
				ENABLE_STRICT_OBJC_MSGSEND = YES;
				GCC_C_LANGUAGE_STANDARD = gnu11;
				GCC_NO_COMMON_BLOCKS = YES;
				GCC_WARN_64_TO_32_BIT_CONVERSION = YES;
				GCC_WARN_ABOUT_RETURN_TYPE = YES_ERROR;
				GCC_WARN_UNDECLARED_SELECTOR = YES;
				GCC_WARN_UNINITIALIZED_AUTOS = YES_AGGRESSIVE;
				GCC_WARN_UNUSED_FUNCTION = YES;
				GCC_WARN_UNUSED_VARIABLE = YES;
				IPHONEOS_DEPLOYMENT_TARGET = 13.4;
				MTL_ENABLE_DEBUG_INFO = NO;
				MTL_FAST_MATH = YES;
				SDKROOT = iphoneos;
				SWIFT_COMPILATION_MODE = wholemodule;
				SWIFT_OPTIMIZATION_LEVEL = "-O";
				VALIDATE_PRODUCT = YES;
			};
			name = Release;
		};
		384209C82442613E00035EC9 /* Debug */ = {
			isa = XCBuildConfiguration;
			baseConfigurationReference = 8121BD30A6ECBCD48A452294 /* Pods-velocity.debug.xcconfig */;
			buildSettings = {
				ASSETCATALOG_COMPILER_APPICON_NAME = AppIcon;
				CODE_SIGN_STYLE = Automatic;
				INFOPLIST_FILE = velocity/Info.plist;
				LD_RUNPATH_SEARCH_PATHS = (
					"$(inherited)",
					"@executable_path/Frameworks",
				);
				PRODUCT_BUNDLE_IDENTIFIER = nimit.velocity;
				PRODUCT_NAME = "$(TARGET_NAME)";
				SWIFT_VERSION = 5.0;
				TARGETED_DEVICE_FAMILY = "1,2";
			};
			name = Debug;
		};
		384209C92442613E00035EC9 /* Release */ = {
			isa = XCBuildConfiguration;
			baseConfigurationReference = B00A8F9698C174DBD3FA0DF5 /* Pods-velocity.release.xcconfig */;
			buildSettings = {
				ASSETCATALOG_COMPILER_APPICON_NAME = AppIcon;
				CODE_SIGN_STYLE = Automatic;
				INFOPLIST_FILE = velocity/Info.plist;
				LD_RUNPATH_SEARCH_PATHS = (
					"$(inherited)",
					"@executable_path/Frameworks",
				);
				PRODUCT_BUNDLE_IDENTIFIER = nimit.velocity;
				PRODUCT_NAME = "$(TARGET_NAME)";
				SWIFT_VERSION = 5.0;
				TARGETED_DEVICE_FAMILY = "1,2";
			};
			name = Release;
		};
/* End XCBuildConfiguration section */

/* Begin XCConfigurationList section */
		384209AE2442613C00035EC9 /* Build configuration list for PBXProject "velocity" */ = {
			isa = XCConfigurationList;
			buildConfigurations = (
				384209C52442613E00035EC9 /* Debug */,
				384209C62442613E00035EC9 /* Release */,
			);
			defaultConfigurationIsVisible = 0;
			defaultConfigurationName = Release;
		};
		384209C72442613E00035EC9 /* Build configuration list for PBXNativeTarget "velocity" */ = {
			isa = XCConfigurationList;
			buildConfigurations = (
				384209C82442613E00035EC9 /* Debug */,
				384209C92442613E00035EC9 /* Release */,
			);
			defaultConfigurationIsVisible = 0;
			defaultConfigurationName = Release;
		};
/* End XCConfigurationList section */
	};
	rootObject = 384209AB2442613C00035EC9 /* Project object */;
}
